// !$*UTF8*$!
{
	archiveVersion = 1;
	classes = {
	};
	objectVersion = 46;
	objects = {

/* Begin PBXBuildFile section */
		CE7B16331E5372320016CB34 /* SwiftMath.framework in Frameworks */ = {isa = PBXBuildFile; fileRef = CE7B16291E5372320016CB34 /* SwiftMath.framework */; };
		CE7B16381E5372320016CB34 /* SwiftMathTests.swift in Sources */ = {isa = PBXBuildFile; fileRef = CE7B16371E5372320016CB34 /* SwiftMathTests.swift */; };
		CE7B163A1E5372320016CB34 /* SwiftMath.h in Headers */ = {isa = PBXBuildFile; fileRef = CE7B162C1E5372320016CB34 /* SwiftMath.h */; settings = {ATTRIBUTES = (Public, ); }; };
		CE7B16481E53724E0016CB34 /* Matrix.swift in Sources */ = {isa = PBXBuildFile; fileRef = CE7B16431E53724E0016CB34 /* Matrix.swift */; };
		CE7B16491E53724E0016CB34 /* Matrix.swift in Sources */ = {isa = PBXBuildFile; fileRef = CE7B16431E53724E0016CB34 /* Matrix.swift */; };
		CE7B164A1E53724E0016CB34 /* Vec2.swift in Sources */ = {isa = PBXBuildFile; fileRef = CE7B16441E53724E0016CB34 /* Vec2.swift */; };
		CE7B164B1E53724E0016CB34 /* Vec2.swift in Sources */ = {isa = PBXBuildFile; fileRef = CE7B16441E53724E0016CB34 /* Vec2.swift */; };
		CE7B164C1E53724E0016CB34 /* Vec3.swift in Sources */ = {isa = PBXBuildFile; fileRef = CE7B16451E53724E0016CB34 /* Vec3.swift */; };
		CE7B164D1E53724E0016CB34 /* Vec3.swift in Sources */ = {isa = PBXBuildFile; fileRef = CE7B16451E53724E0016CB34 /* Vec3.swift */; };
		CE7B164E1E53724E0016CB34 /* Vec4.swift in Sources */ = {isa = PBXBuildFile; fileRef = CE7B16461E53724E0016CB34 /* Vec4.swift */; };
		CE7B164F1E53724E0016CB34 /* Vec4.swift in Sources */ = {isa = PBXBuildFile; fileRef = CE7B16461E53724E0016CB34 /* Vec4.swift */; };
		CE7B16501E53724E0016CB34 /* Vector.swift in Sources */ = {isa = PBXBuildFile; fileRef = CE7B16471E53724E0016CB34 /* Vector.swift */; };
		CE7B16511E53724E0016CB34 /* Vector.swift in Sources */ = {isa = PBXBuildFile; fileRef = CE7B16471E53724E0016CB34 /* Vector.swift */; };
/* End PBXBuildFile section */

/* Begin PBXContainerItemProxy section */
		CE7B16341E5372320016CB34 /* PBXContainerItemProxy */ = {
			isa = PBXContainerItemProxy;
			containerPortal = CE7B16201E5372320016CB34 /* Project object */;
			proxyType = 1;
			remoteGlobalIDString = CE7B16281E5372320016CB34;
			remoteInfo = SwiftMath;
		};
/* End PBXContainerItemProxy section */

/* Begin PBXFileReference section */
		CE7B16291E5372320016CB34 /* SwiftMath.framework */ = {isa = PBXFileReference; explicitFileType = wrapper.framework; includeInIndex = 0; path = SwiftMath.framework; sourceTree = BUILT_PRODUCTS_DIR; };
		CE7B162C1E5372320016CB34 /* SwiftMath.h */ = {isa = PBXFileReference; lastKnownFileType = sourcecode.c.h; path = SwiftMath.h; sourceTree = "<group>"; };
		CE7B162D1E5372320016CB34 /* Info.plist */ = {isa = PBXFileReference; lastKnownFileType = text.plist.xml; path = Info.plist; sourceTree = "<group>"; };
		CE7B16321E5372320016CB34 /* SwiftMathTests.xctest */ = {isa = PBXFileReference; explicitFileType = wrapper.cfbundle; includeInIndex = 0; path = SwiftMathTests.xctest; sourceTree = BUILT_PRODUCTS_DIR; };
		CE7B16371E5372320016CB34 /* SwiftMathTests.swift */ = {isa = PBXFileReference; lastKnownFileType = sourcecode.swift; path = SwiftMathTests.swift; sourceTree = "<group>"; };
		CE7B16391E5372320016CB34 /* Info.plist */ = {isa = PBXFileReference; lastKnownFileType = text.plist.xml; path = Info.plist; sourceTree = "<group>"; };
		CE7B16431E53724E0016CB34 /* Matrix.swift */ = {isa = PBXFileReference; fileEncoding = 4; lastKnownFileType = sourcecode.swift; path = Matrix.swift; sourceTree = "<group>"; };
		CE7B16441E53724E0016CB34 /* Vec2.swift */ = {isa = PBXFileReference; fileEncoding = 4; lastKnownFileType = sourcecode.swift; path = Vec2.swift; sourceTree = "<group>"; };
		CE7B16451E53724E0016CB34 /* Vec3.swift */ = {isa = PBXFileReference; fileEncoding = 4; lastKnownFileType = sourcecode.swift; path = Vec3.swift; sourceTree = "<group>"; };
		CE7B16461E53724E0016CB34 /* Vec4.swift */ = {isa = PBXFileReference; fileEncoding = 4; lastKnownFileType = sourcecode.swift; path = Vec4.swift; sourceTree = "<group>"; };
		CE7B16471E53724E0016CB34 /* Vector.swift */ = {isa = PBXFileReference; fileEncoding = 4; lastKnownFileType = sourcecode.swift; path = Vector.swift; sourceTree = "<group>"; };
/* End PBXFileReference section */

/* Begin PBXFrameworksBuildPhase section */
		CE7B16251E5372320016CB34 /* Frameworks */ = {
			isa = PBXFrameworksBuildPhase;
			buildActionMask = 2147483647;
			files = (
			);
			runOnlyForDeploymentPostprocessing = 0;
		};
		CE7B162F1E5372320016CB34 /* Frameworks */ = {
			isa = PBXFrameworksBuildPhase;
			buildActionMask = 2147483647;
			files = (
				CE7B16331E5372320016CB34 /* SwiftMath.framework in Frameworks */,
			);
			runOnlyForDeploymentPostprocessing = 0;
		};
/* End PBXFrameworksBuildPhase section */

/* Begin PBXGroup section */
		CE7B161F1E5372320016CB34 = {
			isa = PBXGroup;
			children = (
				CE7B162B1E5372320016CB34 /* SwiftMath */,
				CE7B16361E5372320016CB34 /* SwiftMathTests */,
				CE7B162A1E5372320016CB34 /* Products */,
			);
			sourceTree = "<group>";
		};
		CE7B162A1E5372320016CB34 /* Products */ = {
			isa = PBXGroup;
			children = (
				CE7B16291E5372320016CB34 /* SwiftMath.framework */,
				CE7B16321E5372320016CB34 /* SwiftMathTests.xctest */,
			);
			name = Products;
			sourceTree = "<group>";
		};
		CE7B162B1E5372320016CB34 /* SwiftMath */ = {
			isa = PBXGroup;
			children = (
				CE7B162C1E5372320016CB34 /* SwiftMath.h */,
				CE7B16431E53724E0016CB34 /* Matrix.swift */,
				CE7B16441E53724E0016CB34 /* Vec2.swift */,
				CE7B16451E53724E0016CB34 /* Vec3.swift */,
				CE7B16461E53724E0016CB34 /* Vec4.swift */,
				CE7B16471E53724E0016CB34 /* Vector.swift */,
				CE7B162D1E5372320016CB34 /* Info.plist */,
			);
			path = SwiftMath;
			sourceTree = "<group>";
		};
		CE7B16361E5372320016CB34 /* SwiftMathTests */ = {
			isa = PBXGroup;
			children = (
				CE7B16371E5372320016CB34 /* SwiftMathTests.swift */,
				CE7B16391E5372320016CB34 /* Info.plist */,
			);
			path = SwiftMathTests;
			sourceTree = "<group>";
		};
/* End PBXGroup section */

/* Begin PBXHeadersBuildPhase section */
		CE7B16261E5372320016CB34 /* Headers */ = {
			isa = PBXHeadersBuildPhase;
			buildActionMask = 2147483647;
			files = (
				CE7B163A1E5372320016CB34 /* SwiftMath.h in Headers */,
			);
			runOnlyForDeploymentPostprocessing = 0;
		};
/* End PBXHeadersBuildPhase section */

/* Begin PBXNativeTarget section */
		CE7B16281E5372320016CB34 /* SwiftMath */ = {
			isa = PBXNativeTarget;
			buildConfigurationList = CE7B163D1E5372320016CB34 /* Build configuration list for PBXNativeTarget "SwiftMath" */;
			buildPhases = (
				CE7B16241E5372320016CB34 /* Sources */,
				CE7B16251E5372320016CB34 /* Frameworks */,
				CE7B16261E5372320016CB34 /* Headers */,
				CE7B16271E5372320016CB34 /* Resources */,
			);
			buildRules = (
			);
			dependencies = (
			);
			name = SwiftMath;
			productName = SwiftMath;
			productReference = CE7B16291E5372320016CB34 /* SwiftMath.framework */;
			productType = "com.apple.product-type.framework";
		};
		CE7B16311E5372320016CB34 /* SwiftMathTests */ = {
			isa = PBXNativeTarget;
			buildConfigurationList = CE7B16401E5372320016CB34 /* Build configuration list for PBXNativeTarget "SwiftMathTests" */;
			buildPhases = (
				CE7B162E1E5372320016CB34 /* Sources */,
				CE7B162F1E5372320016CB34 /* Frameworks */,
				CE7B16301E5372320016CB34 /* Resources */,
			);
			buildRules = (
			);
			dependencies = (
				CE7B16351E5372320016CB34 /* PBXTargetDependency */,
			);
			name = SwiftMathTests;
			productName = SwiftMathTests;
			productReference = CE7B16321E5372320016CB34 /* SwiftMathTests.xctest */;
			productType = "com.apple.product-type.bundle.unit-test";
		};
/* End PBXNativeTarget section */

/* Begin PBXProject section */
		CE7B16201E5372320016CB34 /* Project object */ = {
			isa = PBXProject;
			attributes = {
				LastSwiftUpdateCheck = 0830;
				LastUpgradeCheck = 0830;
				ORGANIZATIONNAME = "Baked Goods Studios";
				TargetAttributes = {
					CE7B16281E5372320016CB34 = {
						CreatedOnToolsVersion = 8.3;
						DevelopmentTeam = EM2LKXB8R4;
						LastSwiftMigration = 0830;
						ProvisioningStyle = Automatic;
					};
					CE7B16311E5372320016CB34 = {
						CreatedOnToolsVersion = 8.3;
						DevelopmentTeam = EM2LKXB8R4;
						ProvisioningStyle = Automatic;
					};
				};
			};
			buildConfigurationList = CE7B16231E5372320016CB34 /* Build configuration list for PBXProject "SwiftMath" */;
			compatibilityVersion = "Xcode 3.2";
			developmentRegion = English;
			hasScannedForEncodings = 0;
			knownRegions = (
				en,
			);
			mainGroup = CE7B161F1E5372320016CB34;
			productRefGroup = CE7B162A1E5372320016CB34 /* Products */;
			projectDirPath = "";
			projectRoot = "";
			targets = (
				CE7B16281E5372320016CB34 /* SwiftMath */,
				CE7B16311E5372320016CB34 /* SwiftMathTests */,
			);
		};
/* End PBXProject section */

/* Begin PBXResourcesBuildPhase section */
		CE7B16271E5372320016CB34 /* Resources */ = {
			isa = PBXResourcesBuildPhase;
			buildActionMask = 2147483647;
			files = (
			);
			runOnlyForDeploymentPostprocessing = 0;
		};
		CE7B16301E5372320016CB34 /* Resources */ = {
			isa = PBXResourcesBuildPhase;
			buildActionMask = 2147483647;
			files = (
			);
			runOnlyForDeploymentPostprocessing = 0;
		};
/* End PBXResourcesBuildPhase section */

/* Begin PBXSourcesBuildPhase section */
		CE7B16241E5372320016CB34 /* Sources */ = {
			isa = PBXSourcesBuildPhase;
			buildActionMask = 2147483647;
			files = (
				CE7B16481E53724E0016CB34 /* Matrix.swift in Sources */,
				CE7B164C1E53724E0016CB34 /* Vec3.swift in Sources */,
				CE7B16501E53724E0016CB34 /* Vector.swift in Sources */,
				CE7B164A1E53724E0016CB34 /* Vec2.swift in Sources */,
				CE7B164E1E53724E0016CB34 /* Vec4.swift in Sources */,
			);
			runOnlyForDeploymentPostprocessing = 0;
		};
		CE7B162E1E5372320016CB34 /* Sources */ = {
			isa = PBXSourcesBuildPhase;
			buildActionMask = 2147483647;
			files = (
				CE7B16491E53724E0016CB34 /* Matrix.swift in Sources */,
				CE7B164B1E53724E0016CB34 /* Vec2.swift in Sources */,
				CE7B164F1E53724E0016CB34 /* Vec4.swift in Sources */,
				CE7B164D1E53724E0016CB34 /* Vec3.swift in Sources */,
				CE7B16511E53724E0016CB34 /* Vector.swift in Sources */,
				CE7B16381E5372320016CB34 /* SwiftMathTests.swift in Sources */,
			);
			runOnlyForDeploymentPostprocessing = 0;
		};
/* End PBXSourcesBuildPhase section */

/* Begin PBXTargetDependency section */
		CE7B16351E5372320016CB34 /* PBXTargetDependency */ = {
			isa = PBXTargetDependency;
			target = CE7B16281E5372320016CB34 /* SwiftMath */;
			targetProxy = CE7B16341E5372320016CB34 /* PBXContainerItemProxy */;
		};
/* End PBXTargetDependency section */

/* Begin XCBuildConfiguration section */
		CE7B163B1E5372320016CB34 /* Debug */ = {
			isa = XCBuildConfiguration;
			buildSettings = {
				ALWAYS_SEARCH_USER_PATHS = NO;
				CLANG_ANALYZER_NONNULL = YES;
				CLANG_ANALYZER_NUMBER_OBJECT_CONVERSION = YES_AGGRESSIVE;
				CLANG_CXX_LANGUAGE_STANDARD = "gnu++0x";
				CLANG_CXX_LIBRARY = "libc++";
				CLANG_ENABLE_MODULES = YES;
				CLANG_ENABLE_OBJC_ARC = YES;
				CLANG_WARN_BOOL_CONVERSION = YES;
				CLANG_WARN_CONSTANT_CONVERSION = YES;
				CLANG_WARN_DIRECT_OBJC_ISA_USAGE = YES_ERROR;
				CLANG_WARN_DOCUMENTATION_COMMENTS = YES;
				CLANG_WARN_EMPTY_BODY = YES;
				CLANG_WARN_ENUM_CONVERSION = YES;
				CLANG_WARN_INFINITE_RECURSION = YES;
				CLANG_WARN_INT_CONVERSION = YES;
				CLANG_WARN_OBJC_ROOT_CLASS = YES_ERROR;
				CLANG_WARN_SUSPICIOUS_MOVE = YES;
				CLANG_WARN_UNREACHABLE_CODE = YES;
				CLANG_WARN__DUPLICATE_METHOD_MATCH = YES;
				"CODE_SIGN_IDENTITY[sdk=iphoneos*]" = "iPhone Developer";
				COPY_PHASE_STRIP = NO;
				CURRENT_PROJECT_VERSION = 1;
				DEBUG_INFORMATION_FORMAT = dwarf;
				ENABLE_STRICT_OBJC_MSGSEND = YES;
				ENABLE_TESTABILITY = YES;
				GCC_C_LANGUAGE_STANDARD = gnu99;
				GCC_DYNAMIC_NO_PIC = NO;
				GCC_NO_COMMON_BLOCKS = YES;
				GCC_OPTIMIZATION_LEVEL = 0;
				GCC_PREPROCESSOR_DEFINITIONS = (
					"DEBUG=1",
					"$(inherited)",
				);
				GCC_WARN_64_TO_32_BIT_CONVERSION = YES;
				GCC_WARN_ABOUT_RETURN_TYPE = YES_ERROR;
				GCC_WARN_UNDECLARED_SELECTOR = YES;
				GCC_WARN_UNINITIALIZED_AUTOS = YES_AGGRESSIVE;
				GCC_WARN_UNUSED_FUNCTION = YES;
				GCC_WARN_UNUSED_VARIABLE = YES;
				IPHONEOS_DEPLOYMENT_TARGET = 10.3;
				MTL_ENABLE_DEBUG_INFO = YES;
				ONLY_ACTIVE_ARCH = YES;
				SDKROOT = iphoneos;
				SWIFT_ACTIVE_COMPILATION_CONDITIONS = DEBUG;
				SWIFT_OPTIMIZATION_LEVEL = "-Onone";
				TARGETED_DEVICE_FAMILY = "1,2";
				VERSIONING_SYSTEM = "apple-generic";
				VERSION_INFO_PREFIX = "";
			};
			name = Debug;
		};
		CE7B163C1E5372320016CB34 /* Release */ = {
			isa = XCBuildConfiguration;
			buildSettings = {
				ALWAYS_SEARCH_USER_PATHS = NO;
				CLANG_ANALYZER_NONNULL = YES;
				CLANG_ANALYZER_NUMBER_OBJECT_CONVERSION = YES_AGGRESSIVE;
				CLANG_CXX_LANGUAGE_STANDARD = "gnu++0x";
				CLANG_CXX_LIBRARY = "libc++";
				CLANG_ENABLE_MODULES = YES;
				CLANG_ENABLE_OBJC_ARC = YES;
				CLANG_WARN_BOOL_CONVERSION = YES;
				CLANG_WARN_CONSTANT_CONVERSION = YES;
				CLANG_WARN_DIRECT_OBJC_ISA_USAGE = YES_ERROR;
				CLANG_WARN_DOCUMENTATION_COMMENTS = YES;
				CLANG_WARN_EMPTY_BODY = YES;
				CLANG_WARN_ENUM_CONVERSION = YES;
				CLANG_WARN_INFINITE_RECURSION = YES;
				CLANG_WARN_INT_CONVERSION = YES;
				CLANG_WARN_OBJC_ROOT_CLASS = YES_ERROR;
				CLANG_WARN_SUSPICIOUS_MOVE = YES;
				CLANG_WARN_UNREACHABLE_CODE = YES;
				CLANG_WARN__DUPLICATE_METHOD_MATCH = YES;
				"CODE_SIGN_IDENTITY[sdk=iphoneos*]" = "iPhone Developer";
				COPY_PHASE_STRIP = NO;
				CURRENT_PROJECT_VERSION = 1;
				DEBUG_INFORMATION_FORMAT = "dwarf-with-dsym";
				ENABLE_NS_ASSERTIONS = NO;
				ENABLE_STRICT_OBJC_MSGSEND = YES;
				GCC_C_LANGUAGE_STANDARD = gnu99;
				GCC_NO_COMMON_BLOCKS = YES;
				GCC_WARN_64_TO_32_BIT_CONVERSION = YES;
				GCC_WARN_ABOUT_RETURN_TYPE = YES_ERROR;
				GCC_WARN_UNDECLARED_SELECTOR = YES;
				GCC_WARN_UNINITIALIZED_AUTOS = YES_AGGRESSIVE;
				GCC_WARN_UNUSED_FUNCTION = YES;
				GCC_WARN_UNUSED_VARIABLE = YES;
				IPHONEOS_DEPLOYMENT_TARGET = 10.3;
				MTL_ENABLE_DEBUG_INFO = NO;
				SDKROOT = iphoneos;
				SWIFT_OPTIMIZATION_LEVEL = "-Owholemodule";
				TARGETED_DEVICE_FAMILY = "1,2";
				VALIDATE_PRODUCT = YES;
				VERSIONING_SYSTEM = "apple-generic";
				VERSION_INFO_PREFIX = "";
			};
			name = Release;
		};
		CE7B163E1E5372320016CB34 /* Debug */ = {
			isa = XCBuildConfiguration;
			buildSettings = {
				CLANG_ENABLE_MODULES = YES;
				CODE_SIGN_IDENTITY = "";
				DEFINES_MODULE = YES;
				DEVELOPMENT_TEAM = EM2LKXB8R4;
				DYLIB_COMPATIBILITY_VERSION = 1;
				DYLIB_CURRENT_VERSION = 1;
				DYLIB_INSTALL_NAME_BASE = "@rpath";
				INFOPLIST_FILE = SwiftMath/Info.plist;
				INSTALL_PATH = "$(LOCAL_LIBRARY_DIR)/Frameworks";
				LD_RUNPATH_SEARCH_PATHS = "$(inherited) @executable_path/Frameworks @loader_path/Frameworks";
				PRODUCT_BUNDLE_IDENTIFIER = BakedGoods.SwiftMath;
				PRODUCT_NAME = "$(TARGET_NAME)";
				SKIP_INSTALL = YES;
				SWIFT_OPTIMIZATION_LEVEL = "-Onone";
				SWIFT_VERSION = 3.0;
			};
			name = Debug;
		};
		CE7B163F1E5372320016CB34 /* Release */ = {
			isa = XCBuildConfiguration;
			buildSettings = {
				CLANG_ENABLE_MODULES = YES;
				CODE_SIGN_IDENTITY = "";
				DEFINES_MODULE = YES;
				DEVELOPMENT_TEAM = EM2LKXB8R4;
				DYLIB_COMPATIBILITY_VERSION = 1;
				DYLIB_CURRENT_VERSION = 1;
				DYLIB_INSTALL_NAME_BASE = "@rpath";
				INFOPLIST_FILE = SwiftMath/Info.plist;
				INSTALL_PATH = "$(LOCAL_LIBRARY_DIR)/Frameworks";
				LD_RUNPATH_SEARCH_PATHS = "$(inherited) @executable_path/Frameworks @loader_path/Frameworks";
				PRODUCT_BUNDLE_IDENTIFIER = BakedGoods.SwiftMath;
				PRODUCT_NAME = "$(TARGET_NAME)";
				SKIP_INSTALL = YES;
				SWIFT_VERSION = 3.0;
			};
			name = Release;
		};
		CE7B16411E5372320016CB34 /* Debug */ = {
			isa = XCBuildConfiguration;
			buildSettings = {
				ALWAYS_EMBED_SWIFT_STANDARD_LIBRARIES = YES;
				DEVELOPMENT_TEAM = EM2LKXB8R4;
				INFOPLIST_FILE = SwiftMathTests/Info.plist;
				LD_RUNPATH_SEARCH_PATHS = "$(inherited) @executable_path/Frameworks @loader_path/Frameworks";
				PRODUCT_BUNDLE_IDENTIFIER = BakedGoods.SwiftMathTests;
				PRODUCT_NAME = "$(TARGET_NAME)";
				SWIFT_VERSION = 3.0;
			};
			name = Debug;
		};
		CE7B16421E5372320016CB34 /* Release */ = {
			isa = XCBuildConfiguration;
			buildSettings = {
				ALWAYS_EMBED_SWIFT_STANDARD_LIBRARIES = YES;
				DEVELOPMENT_TEAM = EM2LKXB8R4;
				INFOPLIST_FILE = SwiftMathTests/Info.plist;
				LD_RUNPATH_SEARCH_PATHS = "$(inherited) @executable_path/Frameworks @loader_path/Frameworks";
				PRODUCT_BUNDLE_IDENTIFIER = BakedGoods.SwiftMathTests;
				PRODUCT_NAME = "$(TARGET_NAME)";
				SWIFT_VERSION = 3.0;
			};
			name = Release;
		};
/* End XCBuildConfiguration section */

/* Begin XCConfigurationList section */
		CE7B16231E5372320016CB34 /* Build configuration list for PBXProject "SwiftMath" */ = {
			isa = XCConfigurationList;
			buildConfigurations = (
				CE7B163B1E5372320016CB34 /* Debug */,
				CE7B163C1E5372320016CB34 /* Release */,
			);
			defaultConfigurationIsVisible = 0;
			defaultConfigurationName = Release;
		};
		CE7B163D1E5372320016CB34 /* Build configuration list for PBXNativeTarget "SwiftMath" */ = {
			isa = XCConfigurationList;
			buildConfigurations = (
				CE7B163E1E5372320016CB34 /* Debug */,
				CE7B163F1E5372320016CB34 /* Release */,
			);
			defaultConfigurationIsVisible = 0;
		};
		CE7B16401E5372320016CB34 /* Build configuration list for PBXNativeTarget "SwiftMathTests" */ = {
			isa = XCConfigurationList;
			buildConfigurations = (
				CE7B16411E5372320016CB34 /* Debug */,
				CE7B16421E5372320016CB34 /* Release */,
			);
			defaultConfigurationIsVisible = 0;
		};
/* End XCConfigurationList section */
	};
	rootObject = CE7B16201E5372320016CB34 /* Project object */;
}
